
Microsoft Visual Studio Solution File, Format Version 12.00
Project("{FAE04EC0-301F-11D3-BF4B-00C04F79EFBC}") = "TasksObserver.ConsoleApp", "TasksObserver.ConsoleApp\TasksObserver.ConsoleApp.csproj", "{81CAA47C-7DFF-4036-8FD3-F7C712D03639}"
EndProject
Global
	GlobalSection(SolutionConfigurationPlatforms) = preSolution
		Debug|Any CPU = Debug|Any CPU
		Release|Any CPU = Release|Any CPU
	EndGlobalSection
	GlobalSection(ProjectConfigurationPlatforms) = postSolution
		{81CAA47C-7DFF-4036-8FD3-F7C712D03639}.Debug|Any CPU.ActiveCfg = Debug|Any CPU
		{81CAA47C-7DFF-4036-8FD3-F7C712D03639}.Debug|Any CPU.Build.0 = Debug|Any CPU
		{81CAA47C-7DFF-4036-8FD3-F7C712D03639}.Release|Any CPU.ActiveCfg = Release|Any CPU
		{81CAA47C-7DFF-4036-8FD3-F7C712D03639}.Release|Any CPU.Build.0 = Release|Any CPU
	EndGlobalSection
EndGlobal
